
Microsoft Visual Studio Solution File, Format Version 12.00
# Visual Studio Version 17
VisualStudioVersion = 17.9.34714.143
MinimumVisualStudioVersion = 10.0.40219.1
Project("{FAE04EC0-301F-11D3-BF4B-00C04F79EFBC}") = "krepteringExample", "krepteringExample.csproj", "{860F346C-4C67-44D8-8B8C-E06CCF159F77}"
EndProject
Global
	GlobalSection(SolutionConfigurationPlatforms) = preSolution
		Debug|Any CPU = Debug|Any CPU
		Release|Any CPU = Release|Any CPU
	EndGlobalSection
	GlobalSection(ProjectConfigurationPlatforms) = postSolution
		{860F346C-4C67-44D8-8B8C-E06CCF159F77}.Debug|Any CPU.ActiveCfg = Debug|Any CPU
		{860F346C-4C67-44D8-8B8C-E06CCF159F77}.Debug|Any CPU.Build.0 = Debug|Any CPU
		{860F346C-4C67-44D8-8B8C-E06CCF159F77}.Release|Any CPU.ActiveCfg = Release|Any CPU
		{860F346C-4C67-44D8-8B8C-E06CCF159F77}.Release|Any CPU.Build.0 = Release|Any CPU
	EndGlobalSection
	GlobalSection(SolutionProperties) = preSolution
		HideSolutionNode = FALSE
	EndGlobalSection
	GlobalSection(ExtensibilityGlobals) = postSolution
		SolutionGuid = {B45ABAED-A47B-4681-A9EC-656C8ED196C3}
	EndGlobalSection
EndGlobal
